
Microsoft Visual Studio Solution File, Format Version 12.00
# Visual Studio Version 17
VisualStudioVersion = 17.4.33205.214
MinimumVisualStudioVersion = 10.0.40219.1
Project("{FAE04EC0-301F-11D3-BF4B-00C04F79EFBC}") = "ASP.Net_MyCv.Entities", "ASP.Net_MyCv.Entities\ASP.Net_MyCv.Entities.csproj", "{A3CC3274-10DC-45F5-B492-F61935597FE6}"
EndProject
Project("{FAE04EC0-301F-11D3-BF4B-00C04F79EFBC}") = "ASP.Net_MyCv.Core", "ASP.Net_MyCv.Core\ASP.Net_MyCv.Core.csproj", "{9E1B0528-1246-49BD-8B22-94A073EE4D52}"
EndProject
Project("{FAE04EC0-301F-11D3-BF4B-00C04F79EFBC}") = "ASP.Net_MyCv.DataAccess", "ASP.Net_MyCv.DataAccess\ASP.Net_MyCv.DataAccess.csproj", "{98CC85C5-F205-439E-AE4A-8B2244E297E2}"
EndProject
Project("{FAE04EC0-301F-11D3-BF4B-00C04F79EFBC}") = "ASP.Net_MyCv.Business", "ASP.Net_MyCv.Business\ASP.Net_MyCv.Business.csproj", "{B3865690-2F3A-4D55-A78A-E33358F28CB0}"
EndProject
Project("{FAE04EC0-301F-11D3-BF4B-00C04F79EFBC}") = "ASP.Net_MyCv.Presentation", "ASP.Net_MyCv.Presentation\ASP.Net_MyCv.Presentation.csproj", "{0135F0E4-EB01-49A6-B6EA-1EE711DF1C91}"
EndProject
Global
	GlobalSection(SolutionConfigurationPlatforms) = preSolution
		Debug|Any CPU = Debug|Any CPU
		Release|Any CPU = Release|Any CPU
	EndGlobalSection
	GlobalSection(ProjectConfigurationPlatforms) = postSolution
		{A3CC3274-10DC-45F5-B492-F61935597FE6}.Debug|Any CPU.ActiveCfg = Debug|Any CPU
		{A3CC3274-10DC-45F5-B492-F61935597FE6}.Debug|Any CPU.Build.0 = Debug|Any CPU
		{A3CC3274-10DC-45F5-B492-F61935597FE6}.Release|Any CPU.ActiveCfg = Release|Any CPU
		{A3CC3274-10DC-45F5-B492-F61935597FE6}.Release|Any CPU.Build.0 = Release|Any CPU
		{9E1B0528-1246-49BD-8B22-94A073EE4D52}.Debug|Any CPU.ActiveCfg = Debug|Any CPU
		{9E1B0528-1246-49BD-8B22-94A073EE4D52}.Debug|Any CPU.Build.0 = Debug|Any CPU
		{9E1B0528-1246-49BD-8B22-94A073EE4D52}.Release|Any CPU.ActiveCfg = Release|Any CPU
		{9E1B0528-1246-49BD-8B22-94A073EE4D52}.Release|Any CPU.Build.0 = Release|Any CPU
		{98CC85C5-F205-439E-AE4A-8B2244E297E2}.Debug|Any CPU.ActiveCfg = Debug|Any CPU
		{98CC85C5-F205-439E-AE4A-8B2244E297E2}.Debug|Any CPU.Build.0 = Debug|Any CPU
		{98CC85C5-F205-439E-AE4A-8B2244E297E2}.Release|Any CPU.ActiveCfg = Release|Any CPU
		{98CC85C5-F205-439E-AE4A-8B2244E297E2}.Release|Any CPU.Build.0 = Release|Any CPU
		{B3865690-2F3A-4D55-A78A-E33358F28CB0}.Debug|Any CPU.ActiveCfg = Debug|Any CPU
		{B3865690-2F3A-4D55-A78A-E33358F28CB0}.Debug|Any CPU.Build.0 = Debug|Any CPU
		{B3865690-2F3A-4D55-A78A-E33358F28CB0}.Release|Any CPU.ActiveCfg = Release|Any CPU
		{B3865690-2F3A-4D55-A78A-E33358F28CB0}.Release|Any CPU.Build.0 = Release|Any CPU
		{0135F0E4-EB01-49A6-B6EA-1EE711DF1C91}.Debug|Any CPU.ActiveCfg = Debug|Any CPU
		{0135F0E4-EB01-49A6-B6EA-1EE711DF1C91}.Debug|Any CPU.Build.0 = Debug|Any CPU
		{0135F0E4-EB01-49A6-B6EA-1EE711DF1C91}.Release|Any CPU.ActiveCfg = Release|Any CPU
		{0135F0E4-EB01-49A6-B6EA-1EE711DF1C91}.Release|Any CPU.Build.0 = Release|Any CPU
	EndGlobalSection
	GlobalSection(SolutionProperties) = preSolution
		HideSolutionNode = FALSE
	EndGlobalSection
	GlobalSection(ExtensibilityGlobals) = postSolution
		SolutionGuid = {A85D90D0-389B-4230-962F-5B394E277585}
	EndGlobalSection
EndGlobal
